
Microsoft Visual Studio Solution File, Format Version 12.00
# Visual Studio Version 16
VisualStudioVersion = 16.0.29905.134
MinimumVisualStudioVersion = 10.0.40219.1
Project("{F2A71F9B-5D33-465A-A702-920D77279786}") = "Test4", "Test4\Test4.fsproj", "{65706D93-D2FF-43C5-80CA-FFCE613D7CD3}"
EndProject
Project("{F2A71F9B-5D33-465A-A702-920D77279786}") = "Test4.Tests", "Test4.Tests\Test4.Tests.fsproj", "{979D6312-4731-4AB2-A2B7-45E1765A21D1}"
EndProject
Global
	GlobalSection(SolutionConfigurationPlatforms) = preSolution
		Debug|Any CPU = Debug|Any CPU
		Release|Any CPU = Release|Any CPU
	EndGlobalSection
	GlobalSection(ProjectConfigurationPlatforms) = postSolution
		{65706D93-D2FF-43C5-80CA-FFCE613D7CD3}.Debug|Any CPU.ActiveCfg = Debug|Any CPU
		{65706D93-D2FF-43C5-80CA-FFCE613D7CD3}.Debug|Any CPU.Build.0 = Debug|Any CPU
		{65706D93-D2FF-43C5-80CA-FFCE613D7CD3}.Release|Any CPU.ActiveCfg = Release|Any CPU
		{65706D93-D2FF-43C5-80CA-FFCE613D7CD3}.Release|Any CPU.Build.0 = Release|Any CPU
		{979D6312-4731-4AB2-A2B7-45E1765A21D1}.Debug|Any CPU.ActiveCfg = Debug|Any CPU
		{979D6312-4731-4AB2-A2B7-45E1765A21D1}.Debug|Any CPU.Build.0 = Debug|Any CPU
		{979D6312-4731-4AB2-A2B7-45E1765A21D1}.Release|Any CPU.ActiveCfg = Release|Any CPU
		{979D6312-4731-4AB2-A2B7-45E1765A21D1}.Release|Any CPU.Build.0 = Release|Any CPU
	EndGlobalSection
	GlobalSection(SolutionProperties) = preSolution
		HideSolutionNode = FALSE
	EndGlobalSection
	GlobalSection(ExtensibilityGlobals) = postSolution
		SolutionGuid = {32AB43C5-8D5E-4568-9CD2-E88EBABD9591}
	EndGlobalSection
EndGlobal
